{
  "name": "spinup",
  "version": "1.3.1",
  "lockfileVersion": 1,
  "requires": true,
  "dependencies": {
    "array-filter": {
      "version": "0.0.1",
      "resolved": "https://registry.npmjs.org/array-filter/-/array-filter-0.0.1.tgz",
      "integrity": "sha1-fajPLiZijtcygDWB/SH2fKzS7uw="
    },
    "array-map": {
      "version": "0.0.0",
      "resolved": "https://registry.npmjs.org/array-map/-/array-map-0.0.0.tgz",
      "integrity": "sha1-iKK6tz0c97zVwbEYoAP2b2ZfpmI="
    },
    "array-reduce": {
      "version": "0.0.0",
      "resolved": "https://registry.npmjs.org/array-reduce/-/array-reduce-0.0.0.tgz",
      "integrity": "sha1-FziZ0//Rx9k4PkR5Ul2+J4yrXys="
    },
    "colorize-stream": {
      "version": "0.1.0",
      "resolved": "https://registry.npmjs.org/colorize-stream/-/colorize-stream-0.1.0.tgz",
      "integrity": "sha1-6MRsmhtQL0oWWPQENQ7g04+sZ5g=",
      "requires": {
        "through": "2.3.8"
      }
    },
    "dotenv": {
      "version": "0.4.0",
      "resolved": "https://registry.npmjs.org/dotenv/-/dotenv-0.4.0.tgz",
      "integrity": "sha1-9vs1E2PC2SIHJFxzeALJq1rhSVo="
    },
    "jsonify": {
      "version": "0.0.0",
      "resolved": "https://registry.npmjs.org/jsonify/-/jsonify-0.0.0.tgz",
      "integrity": "sha1-LHS27kHZPKUbe1qu6PUDYx0lKnM="
    },
    "list-cycler": {
      "version": "0.0.2",
      "resolved": "https://registry.npmjs.org/list-cycler/-/list-cycler-0.0.2.tgz",
      "integrity": "sha1-A/RaYm/nUOnBMNGL/51I4I/eLFA="
    },
    "shell-quote": {
      "version": "1.6.1",
      "resolved": "https://registry.npmjs.org/shell-quote/-/shell-quote-1.6.1.tgz",
      "integrity": "sha1-9HgZSczkAmlxJ0MOo7PFR29IF2c=",
      "requires": {
        "array-filter": "0.0.1",
        "array-map": "0.0.0",
        "array-reduce": "0.0.0",
        "jsonify": "0.0.0"
      }
    },
    "through": {
      "version": "2.3.8",
      "resolved": "https://registry.npmjs.org/through/-/through-2.3.8.tgz",
      "integrity": "sha1-DdTJ/6q8NXlgsbckEV1+Doai4fU="
    }
  }
}
